
Microsoft Visual Studio Solution File, Format Version 12.00
# Visual Studio Version 16
VisualStudioVersion = 16.0.30621.155
MinimumVisualStudioVersion = 10.0.40219.1
Project("{FAE04EC0-301F-11D3-BF4B-00C04F79EFBC}") = "q3", "q3\q3.csproj", "{1C7C9164-6173-4907-B53D-B32B99FBFA60}"
EndProject
Global
	GlobalSection(SolutionConfigurationPlatforms) = preSolution
		Debug|Any CPU = Debug|Any CPU
		Release|Any CPU = Release|Any CPU
	EndGlobalSection
	GlobalSection(ProjectConfigurationPlatforms) = postSolution
		{1C7C9164-6173-4907-B53D-B32B99FBFA60}.Debug|Any CPU.ActiveCfg = Debug|Any CPU
		{1C7C9164-6173-4907-B53D-B32B99FBFA60}.Debug|Any CPU.Build.0 = Debug|Any CPU
		{1C7C9164-6173-4907-B53D-B32B99FBFA60}.Release|Any CPU.ActiveCfg = Release|Any CPU
		{1C7C9164-6173-4907-B53D-B32B99FBFA60}.Release|Any CPU.Build.0 = Release|Any CPU
	EndGlobalSection
	GlobalSection(SolutionProperties) = preSolution
		HideSolutionNode = FALSE
	EndGlobalSection
	GlobalSection(ExtensibilityGlobals) = postSolution
		SolutionGuid = {F9E683FA-5CD2-41DF-9F33-88FB59E204DC}
	EndGlobalSection
EndGlobal
